
Microsoft Visual Studio Solution File, Format Version 12.00
# Visual Studio Version 16
VisualStudioVersion = 16.0.30204.135
MinimumVisualStudioVersion = 10.0.40219.1
Project("{FAE04EC0-301F-11D3-BF4B-00C04F79EFBC}") = "Homework", "Homework.csproj", "{6915A52D-F8AF-4B1A-9B1E-6EE363EAFC53}"
EndProject
Project("{FAE04EC0-301F-11D3-BF4B-00C04F79EFBC}") = "1_GarbageCollection", "App\1_GarbageCollection\1_GarbageCollection.csproj", "{5D040AE8-0707-4A8B-BEB5-FB63385C21BF}"
EndProject
Project("{FAE04EC0-301F-11D3-BF4B-00C04F79EFBC}") = "2_Overload", "App\2_Overload\2_Overload.csproj", "{B716D8B2-DA78-450A-9DAD-0DA6E8ABAF88}"
EndProject
Project("{FAE04EC0-301F-11D3-BF4B-00C04F79EFBC}") = "3_Scheduling", "App\3_Scheduling\3_Scheduling.csproj", "{3523E880-4CF4-4465-8197-337ABBC97794}"
EndProject
Project("{2150E333-8FDC-42A3-9474-1A3956D46DE8}") = "알고리즘", "알고리즘", "{CA2CB0B4-A26C-40AE-8C0A-66A8E9975C7A}"
EndProject
Project("{FAE04EC0-301F-11D3-BF4B-00C04F79EFBC}") = "Sudoku", "App\알고리즘\Sudoku\Sudoku.csproj", "{8A62800D-5C53-46A4-A650-B1EBB112FE4B}"
EndProject
Project("{FAE04EC0-301F-11D3-BF4B-00C04F79EFBC}") = "4_Tuple", "App\4_Tuple\4_Tuple.csproj", "{ADAB4F96-D2C0-4218-B40A-AD9A187C7A8D}"
EndProject
Project("{2150E333-8FDC-42A3-9474-1A3956D46DE8}") = "디자인패턴", "디자인패턴", "{A134FECA-2F64-4074-B42F-10DCA9DBD9A9}"
EndProject
Project("{FAE04EC0-301F-11D3-BF4B-00C04F79EFBC}") = "AbstractFactoryPattern", "App\디자인패턴\AbstractFactoryPattern\AbstractFactoryPattern.csproj", "{7C4897BD-1CDA-4CFF-B5B3-F4128094EC56}"
EndProject
Project("{FAE04EC0-301F-11D3-BF4B-00C04F79EFBC}") = "Brandi", "App\Brandi\Brandi.csproj", "{ED239B68-A1E1-4B91-986F-E5E3F645F41D}"
EndProject
Project("{FAE04EC0-301F-11D3-BF4B-00C04F79EFBC}") = "BuilderPattern", "App\디자인패턴\BuilderPattern\BuilderPattern.csproj", "{69C0AEA2-E4F3-4D2F-B8A8-C0B2C54C7F36}"
EndProject
Project("{FAE04EC0-301F-11D3-BF4B-00C04F79EFBC}") = "FactoryMethodPattern", "App\디자인패턴\FactoryMethodPattern\FactoryMethodPattern.csproj", "{2180E434-7342-4AC1-A314-7A1422309FDB}"
EndProject
Project("{FAE04EC0-301F-11D3-BF4B-00C04F79EFBC}") = "PrototypePattern", "App\디자인패턴\PrototypePattern\PrototypePattern.csproj", "{0826B8BA-0FF5-4945-9399-BE14E586375B}"
EndProject
Project("{FAE04EC0-301F-11D3-BF4B-00C04F79EFBC}") = "SingletonPattern", "App\디자인패턴\SingletonPattern\SingletonPattern.csproj", "{5291BFC5-BD19-44E2-8753-2B5EC525CC32}"
EndProject
Project("{FAE04EC0-301F-11D3-BF4B-00C04F79EFBC}") = "AdapterPattern", "App\디자인패턴\AdapterPattern\AdapterPattern.csproj", "{658CD779-9E02-4201-A1A9-8355D0D43FC9}"
EndProject
Project("{FAE04EC0-301F-11D3-BF4B-00C04F79EFBC}") = "BridgePattern", "App\디자인패턴\BridgePattern\BridgePattern.csproj", "{518866E5-B3D0-4418-AC43-8D74096ABC56}"
EndProject
Project("{FAE04EC0-301F-11D3-BF4B-00C04F79EFBC}") = "CompositePattern", "App\디자인패턴\CompositePattern\CompositePattern.csproj", "{3D602D0F-4A29-4980-BB2A-DBAD1F5F7069}"
EndProject
Project("{FAE04EC0-301F-11D3-BF4B-00C04F79EFBC}") = "FacadePattern", "App\디자인패턴\FacadePattern\FacadePattern.csproj", "{65B4805A-61AF-47D7-90B2-0F520400856E}"
EndProject
Project("{FAE04EC0-301F-11D3-BF4B-00C04F79EFBC}") = "ObserverPattern", "App\디자인패턴\ObserverPattern\ObserverPattern.csproj", "{91EB9BFE-5C2F-4CE3-B0BF-5633EC3C0834}"
EndProject
Project("{FAE04EC0-301F-11D3-BF4B-00C04F79EFBC}") = "Wpf_example2", "App\Wpf_example2\Wpf_example2.csproj", "{614A7B21-BE8F-43A7-9669-73F1E38BBFC7}"
EndProject
Project("{FAE04EC0-301F-11D3-BF4B-00C04F79EFBC}") = "FlyweightPattern", "App\디자인패턴\FlyweightPattern\FlyweightPattern.csproj", "{6752DA71-EA67-4693-BE98-637FE344EEF9}"
EndProject
Project("{FAE04EC0-301F-11D3-BF4B-00C04F79EFBC}") = "ProxyPattern", "App\디자인패턴\ProxyPattern\ProxyPattern.csproj", "{B82DCAF3-9026-4842-A8E6-A7AA1D51C41C}"
EndProject
Project("{FAE04EC0-301F-11D3-BF4B-00C04F79EFBC}") = "FlyweightPattern_HW", "App\디자인패턴\FlyweightPattern_HW\FlyweightPattern_HW.csproj", "{3E7F4D1D-EB3E-437B-9A1B-136A8EB3CDFC}"
EndProject
Project("{FAE04EC0-301F-11D3-BF4B-00C04F79EFBC}") = "ChainRespPattern", "App\디자인패턴\ChainRespPattern\ChainRespPattern.csproj", "{450724A1-C07C-4A33-A745-2DBD4EFA72C4}"
EndProject
Project("{FAE04EC0-301F-11D3-BF4B-00C04F79EFBC}") = "CommandPattern", "App\디자인패턴\CommandPattern\CommandPattern.csproj", "{1B3396AC-0637-4115-8702-CA3D08B2EDB5}"
EndProject
Project("{FAE04EC0-301F-11D3-BF4B-00C04F79EFBC}") = "InterpreterPattern", "App\디자인패턴\InterpreterPattern\InterpreterPattern.csproj", "{333E775D-9955-45E8-8082-A101872ACEB8}"
EndProject
Project("{FAE04EC0-301F-11D3-BF4B-00C04F79EFBC}") = "IteratorPattern", "App\디자인패턴\IteratorPattern\IteratorPattern.csproj", "{87605302-3757-4287-A924-20CC0E4FEE87}"
EndProject
Project("{FAE04EC0-301F-11D3-BF4B-00C04F79EFBC}") = "Wpf_for_blog", "App\Wpf_for_blog\Wpf_for_blog.csproj", "{C9136DE2-0937-4C2F-A456-2A90657E8079}"
EndProject
Project("{FAE04EC0-301F-11D3-BF4B-00C04F79EFBC}") = "﻿Mediator Pattern", "App\디자인패턴\﻿Mediator Pattern\﻿Mediator Pattern.csproj", "{90321E98-F8ED-4DA9-A9A3-CF940F0CC95B}"
EndProject
Project("{FAE04EC0-301F-11D3-BF4B-00C04F79EFBC}") = "MementoPattern", "App\디자인패턴\MementoPattern\MementoPattern.csproj", "{19CF204B-5822-475A-B213-9DA04209C684}"
EndProject
Project("{FAE04EC0-301F-11D3-BF4B-00C04F79EFBC}") = "StatePattern", "App\디자인패턴\StatePattern\StatePattern.csproj", "{BBD2623C-DBF4-4D5C-ADC7-8FB19E3E6C76}"
EndProject
Global
	GlobalSection(SolutionConfigurationPlatforms) = preSolution
		Debug|Any CPU = Debug|Any CPU
		Release|Any CPU = Release|Any CPU
	EndGlobalSection
	GlobalSection(ProjectConfigurationPlatforms) = postSolution
		{6915A52D-F8AF-4B1A-9B1E-6EE363EAFC53}.Debug|Any CPU.ActiveCfg = Debug|Any CPU
		{6915A52D-F8AF-4B1A-9B1E-6EE363EAFC53}.Debug|Any CPU.Build.0 = Debug|Any CPU
		{6915A52D-F8AF-4B1A-9B1E-6EE363EAFC53}.Release|Any CPU.ActiveCfg = Release|Any CPU
		{6915A52D-F8AF-4B1A-9B1E-6EE363EAFC53}.Release|Any CPU.Build.0 = Release|Any CPU
		{5D040AE8-0707-4A8B-BEB5-FB63385C21BF}.Debug|Any CPU.ActiveCfg = Debug|Any CPU
		{5D040AE8-0707-4A8B-BEB5-FB63385C21BF}.Debug|Any CPU.Build.0 = Debug|Any CPU
		{5D040AE8-0707-4A8B-BEB5-FB63385C21BF}.Release|Any CPU.ActiveCfg = Release|Any CPU
		{5D040AE8-0707-4A8B-BEB5-FB63385C21BF}.Release|Any CPU.Build.0 = Release|Any CPU
		{B716D8B2-DA78-450A-9DAD-0DA6E8ABAF88}.Debug|Any CPU.ActiveCfg = Debug|Any CPU
		{B716D8B2-DA78-450A-9DAD-0DA6E8ABAF88}.Debug|Any CPU.Build.0 = Debug|Any CPU
		{B716D8B2-DA78-450A-9DAD-0DA6E8ABAF88}.Release|Any CPU.ActiveCfg = Release|Any CPU
		{B716D8B2-DA78-450A-9DAD-0DA6E8ABAF88}.Release|Any CPU.Build.0 = Release|Any CPU
		{3523E880-4CF4-4465-8197-337ABBC97794}.Debug|Any CPU.ActiveCfg = Debug|Any CPU
		{3523E880-4CF4-4465-8197-337ABBC97794}.Debug|Any CPU.Build.0 = Debug|Any CPU
		{3523E880-4CF4-4465-8197-337ABBC97794}.Release|Any CPU.ActiveCfg = Release|Any CPU
		{3523E880-4CF4-4465-8197-337ABBC97794}.Release|Any CPU.Build.0 = Release|Any CPU
		{8A62800D-5C53-46A4-A650-B1EBB112FE4B}.Debug|Any CPU.ActiveCfg = Debug|Any CPU
		{8A62800D-5C53-46A4-A650-B1EBB112FE4B}.Debug|Any CPU.Build.0 = Debug|Any CPU
		{8A62800D-5C53-46A4-A650-B1EBB112FE4B}.Release|Any CPU.ActiveCfg = Release|Any CPU
		{8A62800D-5C53-46A4-A650-B1EBB112FE4B}.Release|Any CPU.Build.0 = Release|Any CPU
		{ADAB4F96-D2C0-4218-B40A-AD9A187C7A8D}.Debug|Any CPU.ActiveCfg = Debug|Any CPU
		{ADAB4F96-D2C0-4218-B40A-AD9A187C7A8D}.Debug|Any CPU.Build.0 = Debug|Any CPU
		{ADAB4F96-D2C0-4218-B40A-AD9A187C7A8D}.Release|Any CPU.ActiveCfg = Release|Any CPU
		{ADAB4F96-D2C0-4218-B40A-AD9A187C7A8D}.Release|Any CPU.Build.0 = Release|Any CPU
		{7C4897BD-1CDA-4CFF-B5B3-F4128094EC56}.Debug|Any CPU.ActiveCfg = Debug|Any CPU
		{7C4897BD-1CDA-4CFF-B5B3-F4128094EC56}.Debug|Any CPU.Build.0 = Debug|Any CPU
		{7C4897BD-1CDA-4CFF-B5B3-F4128094EC56}.Release|Any CPU.ActiveCfg = Release|Any CPU
		{7C4897BD-1CDA-4CFF-B5B3-F4128094EC56}.Release|Any CPU.Build.0 = Release|Any CPU
		{ED239B68-A1E1-4B91-986F-E5E3F645F41D}.Debug|Any CPU.ActiveCfg = Debug|Any CPU
		{ED239B68-A1E1-4B91-986F-E5E3F645F41D}.Debug|Any CPU.Build.0 = Debug|Any CPU
		{ED239B68-A1E1-4B91-986F-E5E3F645F41D}.Release|Any CPU.ActiveCfg = Release|Any CPU
		{ED239B68-A1E1-4B91-986F-E5E3F645F41D}.Release|Any CPU.Build.0 = Release|Any CPU
		{69C0AEA2-E4F3-4D2F-B8A8-C0B2C54C7F36}.Debug|Any CPU.ActiveCfg = Debug|Any CPU
		{69C0AEA2-E4F3-4D2F-B8A8-C0B2C54C7F36}.Debug|Any CPU.Build.0 = Debug|Any CPU
		{69C0AEA2-E4F3-4D2F-B8A8-C0B2C54C7F36}.Release|Any CPU.ActiveCfg = Release|Any CPU
		{69C0AEA2-E4F3-4D2F-B8A8-C0B2C54C7F36}.Release|Any CPU.Build.0 = Release|Any CPU
		{2180E434-7342-4AC1-A314-7A1422309FDB}.Debug|Any CPU.ActiveCfg = Debug|Any CPU
		{2180E434-7342-4AC1-A314-7A1422309FDB}.Debug|Any CPU.Build.0 = Debug|Any CPU
		{2180E434-7342-4AC1-A314-7A1422309FDB}.Release|Any CPU.ActiveCfg = Release|Any CPU
		{2180E434-7342-4AC1-A314-7A1422309FDB}.Release|Any CPU.Build.0 = Release|Any CPU
		{0826B8BA-0FF5-4945-9399-BE14E586375B}.Debug|Any CPU.ActiveCfg = Debug|Any CPU
		{0826B8BA-0FF5-4945-9399-BE14E586375B}.Debug|Any CPU.Build.0 = Debug|Any CPU
		{0826B8BA-0FF5-4945-9399-BE14E586375B}.Release|Any CPU.ActiveCfg = Release|Any CPU
		{0826B8BA-0FF5-4945-9399-BE14E586375B}.Release|Any CPU.Build.0 = Release|Any CPU
		{5291BFC5-BD19-44E2-8753-2B5EC525CC32}.Debug|Any CPU.ActiveCfg = Debug|Any CPU
		{5291BFC5-BD19-44E2-8753-2B5EC525CC32}.Debug|Any CPU.Build.0 = Debug|Any CPU
		{5291BFC5-BD19-44E2-8753-2B5EC525CC32}.Release|Any CPU.ActiveCfg = Release|Any CPU
		{5291BFC5-BD19-44E2-8753-2B5EC525CC32}.Release|Any CPU.Build.0 = Release|Any CPU
		{658CD779-9E02-4201-A1A9-8355D0D43FC9}.Debug|Any CPU.ActiveCfg = Debug|Any CPU
		{658CD779-9E02-4201-A1A9-8355D0D43FC9}.Debug|Any CPU.Build.0 = Debug|Any CPU
		{658CD779-9E02-4201-A1A9-8355D0D43FC9}.Release|Any CPU.ActiveCfg = Release|Any CPU
		{658CD779-9E02-4201-A1A9-8355D0D43FC9}.Release|Any CPU.Build.0 = Release|Any CPU
		{518866E5-B3D0-4418-AC43-8D74096ABC56}.Debug|Any CPU.ActiveCfg = Debug|Any CPU
		{518866E5-B3D0-4418-AC43-8D74096ABC56}.Debug|Any CPU.Build.0 = Debug|Any CPU
		{518866E5-B3D0-4418-AC43-8D74096ABC56}.Release|Any CPU.ActiveCfg = Release|Any CPU
		{518866E5-B3D0-4418-AC43-8D74096ABC56}.Release|Any CPU.Build.0 = Release|Any CPU
		{3D602D0F-4A29-4980-BB2A-DBAD1F5F7069}.Debug|Any CPU.ActiveCfg = Debug|Any CPU
		{3D602D0F-4A29-4980-BB2A-DBAD1F5F7069}.Debug|Any CPU.Build.0 = Debug|Any CPU
		{3D602D0F-4A29-4980-BB2A-DBAD1F5F7069}.Release|Any CPU.ActiveCfg = Release|Any CPU
		{3D602D0F-4A29-4980-BB2A-DBAD1F5F7069}.Release|Any CPU.Build.0 = Release|Any CPU
		{65B4805A-61AF-47D7-90B2-0F520400856E}.Debug|Any CPU.ActiveCfg = Debug|Any CPU
		{65B4805A-61AF-47D7-90B2-0F520400856E}.Debug|Any CPU.Build.0 = Debug|Any CPU
		{65B4805A-61AF-47D7-90B2-0F520400856E}.Release|Any CPU.ActiveCfg = Release|Any CPU
		{65B4805A-61AF-47D7-90B2-0F520400856E}.Release|Any CPU.Build.0 = Release|Any CPU
		{91EB9BFE-5C2F-4CE3-B0BF-5633EC3C0834}.Debug|Any CPU.ActiveCfg = Debug|Any CPU
		{91EB9BFE-5C2F-4CE3-B0BF-5633EC3C0834}.Debug|Any CPU.Build.0 = Debug|Any CPU
		{91EB9BFE-5C2F-4CE3-B0BF-5633EC3C0834}.Release|Any CPU.ActiveCfg = Release|Any CPU
		{91EB9BFE-5C2F-4CE3-B0BF-5633EC3C0834}.Release|Any CPU.Build.0 = Release|Any CPU
		{614A7B21-BE8F-43A7-9669-73F1E38BBFC7}.Debug|Any CPU.ActiveCfg = Debug|Any CPU
		{614A7B21-BE8F-43A7-9669-73F1E38BBFC7}.Debug|Any CPU.Build.0 = Debug|Any CPU
		{614A7B21-BE8F-43A7-9669-73F1E38BBFC7}.Release|Any CPU.ActiveCfg = Release|Any CPU
		{614A7B21-BE8F-43A7-9669-73F1E38BBFC7}.Release|Any CPU.Build.0 = Release|Any CPU
		{6752DA71-EA67-4693-BE98-637FE344EEF9}.Debug|Any CPU.ActiveCfg = Debug|Any CPU
		{6752DA71-EA67-4693-BE98-637FE344EEF9}.Debug|Any CPU.Build.0 = Debug|Any CPU
		{6752DA71-EA67-4693-BE98-637FE344EEF9}.Release|Any CPU.ActiveCfg = Release|Any CPU
		{6752DA71-EA67-4693-BE98-637FE344EEF9}.Release|Any CPU.Build.0 = Release|Any CPU
		{B82DCAF3-9026-4842-A8E6-A7AA1D51C41C}.Debug|Any CPU.ActiveCfg = Debug|Any CPU
		{B82DCAF3-9026-4842-A8E6-A7AA1D51C41C}.Debug|Any CPU.Build.0 = Debug|Any CPU
		{B82DCAF3-9026-4842-A8E6-A7AA1D51C41C}.Release|Any CPU.ActiveCfg = Release|Any CPU
		{B82DCAF3-9026-4842-A8E6-A7AA1D51C41C}.Release|Any CPU.Build.0 = Release|Any CPU
		{3E7F4D1D-EB3E-437B-9A1B-136A8EB3CDFC}.Debug|Any CPU.ActiveCfg = Debug|Any CPU
		{3E7F4D1D-EB3E-437B-9A1B-136A8EB3CDFC}.Debug|Any CPU.Build.0 = Debug|Any CPU
		{3E7F4D1D-EB3E-437B-9A1B-136A8EB3CDFC}.Release|Any CPU.ActiveCfg = Release|Any CPU
		{3E7F4D1D-EB3E-437B-9A1B-136A8EB3CDFC}.Release|Any CPU.Build.0 = Release|Any CPU
		{450724A1-C07C-4A33-A745-2DBD4EFA72C4}.Debug|Any CPU.ActiveCfg = Debug|Any CPU
		{450724A1-C07C-4A33-A745-2DBD4EFA72C4}.Debug|Any CPU.Build.0 = Debug|Any CPU
		{450724A1-C07C-4A33-A745-2DBD4EFA72C4}.Release|Any CPU.ActiveCfg = Release|Any CPU
		{450724A1-C07C-4A33-A745-2DBD4EFA72C4}.Release|Any CPU.Build.0 = Release|Any CPU
		{1B3396AC-0637-4115-8702-CA3D08B2EDB5}.Debug|Any CPU.ActiveCfg = Debug|Any CPU
		{1B3396AC-0637-4115-8702-CA3D08B2EDB5}.Debug|Any CPU.Build.0 = Debug|Any CPU
		{1B3396AC-0637-4115-8702-CA3D08B2EDB5}.Release|Any CPU.ActiveCfg = Release|Any CPU
		{1B3396AC-0637-4115-8702-CA3D08B2EDB5}.Release|Any CPU.Build.0 = Release|Any CPU
		{333E775D-9955-45E8-8082-A101872ACEB8}.Debug|Any CPU.ActiveCfg = Debug|Any CPU
		{333E775D-9955-45E8-8082-A101872ACEB8}.Debug|Any CPU.Build.0 = Debug|Any CPU
		{333E775D-9955-45E8-8082-A101872ACEB8}.Release|Any CPU.ActiveCfg = Release|Any CPU
		{333E775D-9955-45E8-8082-A101872ACEB8}.Release|Any CPU.Build.0 = Release|Any CPU
		{87605302-3757-4287-A924-20CC0E4FEE87}.Debug|Any CPU.ActiveCfg = Debug|Any CPU
		{87605302-3757-4287-A924-20CC0E4FEE87}.Debug|Any CPU.Build.0 = Debug|Any CPU
		{87605302-3757-4287-A924-20CC0E4FEE87}.Release|Any CPU.ActiveCfg = Release|Any CPU
		{87605302-3757-4287-A924-20CC0E4FEE87}.Release|Any CPU.Build.0 = Release|Any CPU
		{C9136DE2-0937-4C2F-A456-2A90657E8079}.Debug|Any CPU.ActiveCfg = Debug|Any CPU
		{C9136DE2-0937-4C2F-A456-2A90657E8079}.Debug|Any CPU.Build.0 = Debug|Any CPU
		{C9136DE2-0937-4C2F-A456-2A90657E8079}.Release|Any CPU.ActiveCfg = Release|Any CPU
		{C9136DE2-0937-4C2F-A456-2A90657E8079}.Release|Any CPU.Build.0 = Release|Any CPU
		{90321E98-F8ED-4DA9-A9A3-CF940F0CC95B}.Debug|Any CPU.ActiveCfg = Debug|Any CPU
		{90321E98-F8ED-4DA9-A9A3-CF940F0CC95B}.Debug|Any CPU.Build.0 = Debug|Any CPU
		{90321E98-F8ED-4DA9-A9A3-CF940F0CC95B}.Release|Any CPU.ActiveCfg = Release|Any CPU
		{90321E98-F8ED-4DA9-A9A3-CF940F0CC95B}.Release|Any CPU.Build.0 = Release|Any CPU
		{19CF204B-5822-475A-B213-9DA04209C684}.Debug|Any CPU.ActiveCfg = Debug|Any CPU
		{19CF204B-5822-475A-B213-9DA04209C684}.Debug|Any CPU.Build.0 = Debug|Any CPU
		{19CF204B-5822-475A-B213-9DA04209C684}.Release|Any CPU.ActiveCfg = Release|Any CPU
		{19CF204B-5822-475A-B213-9DA04209C684}.Release|Any CPU.Build.0 = Release|Any CPU
		{BBD2623C-DBF4-4D5C-ADC7-8FB19E3E6C76}.Debug|Any CPU.ActiveCfg = Debug|Any CPU
		{BBD2623C-DBF4-4D5C-ADC7-8FB19E3E6C76}.Debug|Any CPU.Build.0 = Debug|Any CPU
		{BBD2623C-DBF4-4D5C-ADC7-8FB19E3E6C76}.Release|Any CPU.ActiveCfg = Release|Any CPU
		{BBD2623C-DBF4-4D5C-ADC7-8FB19E3E6C76}.Release|Any CPU.Build.0 = Release|Any CPU
	EndGlobalSection
	GlobalSection(SolutionProperties) = preSolution
		HideSolutionNode = FALSE
	EndGlobalSection
	GlobalSection(NestedProjects) = preSolution
		{8A62800D-5C53-46A4-A650-B1EBB112FE4B} = {CA2CB0B4-A26C-40AE-8C0A-66A8E9975C7A}
		{7C4897BD-1CDA-4CFF-B5B3-F4128094EC56} = {A134FECA-2F64-4074-B42F-10DCA9DBD9A9}
		{69C0AEA2-E4F3-4D2F-B8A8-C0B2C54C7F36} = {A134FECA-2F64-4074-B42F-10DCA9DBD9A9}
		{2180E434-7342-4AC1-A314-7A1422309FDB} = {A134FECA-2F64-4074-B42F-10DCA9DBD9A9}
		{0826B8BA-0FF5-4945-9399-BE14E586375B} = {A134FECA-2F64-4074-B42F-10DCA9DBD9A9}
		{5291BFC5-BD19-44E2-8753-2B5EC525CC32} = {A134FECA-2F64-4074-B42F-10DCA9DBD9A9}
		{658CD779-9E02-4201-A1A9-8355D0D43FC9} = {A134FECA-2F64-4074-B42F-10DCA9DBD9A9}
		{518866E5-B3D0-4418-AC43-8D74096ABC56} = {A134FECA-2F64-4074-B42F-10DCA9DBD9A9}
		{3D602D0F-4A29-4980-BB2A-DBAD1F5F7069} = {A134FECA-2F64-4074-B42F-10DCA9DBD9A9}
		{65B4805A-61AF-47D7-90B2-0F520400856E} = {A134FECA-2F64-4074-B42F-10DCA9DBD9A9}
		{91EB9BFE-5C2F-4CE3-B0BF-5633EC3C0834} = {A134FECA-2F64-4074-B42F-10DCA9DBD9A9}
		{6752DA71-EA67-4693-BE98-637FE344EEF9} = {A134FECA-2F64-4074-B42F-10DCA9DBD9A9}
		{B82DCAF3-9026-4842-A8E6-A7AA1D51C41C} = {A134FECA-2F64-4074-B42F-10DCA9DBD9A9}
		{3E7F4D1D-EB3E-437B-9A1B-136A8EB3CDFC} = {A134FECA-2F64-4074-B42F-10DCA9DBD9A9}
		{450724A1-C07C-4A33-A745-2DBD4EFA72C4} = {A134FECA-2F64-4074-B42F-10DCA9DBD9A9}
		{1B3396AC-0637-4115-8702-CA3D08B2EDB5} = {A134FECA-2F64-4074-B42F-10DCA9DBD9A9}
		{333E775D-9955-45E8-8082-A101872ACEB8} = {A134FECA-2F64-4074-B42F-10DCA9DBD9A9}
		{87605302-3757-4287-A924-20CC0E4FEE87} = {A134FECA-2F64-4074-B42F-10DCA9DBD9A9}
		{90321E98-F8ED-4DA9-A9A3-CF940F0CC95B} = {A134FECA-2F64-4074-B42F-10DCA9DBD9A9}
		{19CF204B-5822-475A-B213-9DA04209C684} = {A134FECA-2F64-4074-B42F-10DCA9DBD9A9}
		{BBD2623C-DBF4-4D5C-ADC7-8FB19E3E6C76} = {A134FECA-2F64-4074-B42F-10DCA9DBD9A9}
	EndGlobalSection
	GlobalSection(ExtensibilityGlobals) = postSolution
		SolutionGuid = {7A5AE095-5F35-4932-9278-7D8A20CCCFC3}
	EndGlobalSection
EndGlobal
