
Microsoft Visual Studio Solution File, Format Version 12.00
# Visual Studio Version 16
VisualStudioVersion = 16.0.30204.135
MinimumVisualStudioVersion = 10.0.40219.1
Project("{FAE04EC0-301F-11D3-BF4B-00C04F79EFBC}") = "Homework", "Homework.csproj", "{6915A52D-F8AF-4B1A-9B1E-6EE363EAFC53}"
EndProject
Project("{FAE04EC0-301F-11D3-BF4B-00C04F79EFBC}") = "GarbageCollection", "..\GarbageCollection\GarbageCollection.csproj", "{E9725838-4B9D-4B7B-9DAB-91A178F35F2B}"
EndProject
Project("{FAE04EC0-301F-11D3-BF4B-00C04F79EFBC}") = "Scheduling", "..\Scheduling\Scheduling.csproj", "{1CCC4D61-AAAB-46AB-8DAE-46DFB46BF9F4}"
EndProject
Global
	GlobalSection(SolutionConfigurationPlatforms) = preSolution
		Debug|Any CPU = Debug|Any CPU
		Release|Any CPU = Release|Any CPU
	EndGlobalSection
	GlobalSection(ProjectConfigurationPlatforms) = postSolution
		{6915A52D-F8AF-4B1A-9B1E-6EE363EAFC53}.Debug|Any CPU.ActiveCfg = Debug|Any CPU
		{6915A52D-F8AF-4B1A-9B1E-6EE363EAFC53}.Debug|Any CPU.Build.0 = Debug|Any CPU
		{6915A52D-F8AF-4B1A-9B1E-6EE363EAFC53}.Release|Any CPU.ActiveCfg = Release|Any CPU
		{6915A52D-F8AF-4B1A-9B1E-6EE363EAFC53}.Release|Any CPU.Build.0 = Release|Any CPU
		{E9725838-4B9D-4B7B-9DAB-91A178F35F2B}.Debug|Any CPU.ActiveCfg = Debug|Any CPU
		{E9725838-4B9D-4B7B-9DAB-91A178F35F2B}.Debug|Any CPU.Build.0 = Debug|Any CPU
		{E9725838-4B9D-4B7B-9DAB-91A178F35F2B}.Release|Any CPU.ActiveCfg = Release|Any CPU
		{E9725838-4B9D-4B7B-9DAB-91A178F35F2B}.Release|Any CPU.Build.0 = Release|Any CPU
		{1CCC4D61-AAAB-46AB-8DAE-46DFB46BF9F4}.Debug|Any CPU.ActiveCfg = Debug|Any CPU
		{1CCC4D61-AAAB-46AB-8DAE-46DFB46BF9F4}.Debug|Any CPU.Build.0 = Debug|Any CPU
		{1CCC4D61-AAAB-46AB-8DAE-46DFB46BF9F4}.Release|Any CPU.ActiveCfg = Release|Any CPU
		{1CCC4D61-AAAB-46AB-8DAE-46DFB46BF9F4}.Release|Any CPU.Build.0 = Release|Any CPU
	EndGlobalSection
	GlobalSection(SolutionProperties) = preSolution
		HideSolutionNode = FALSE
	EndGlobalSection
	GlobalSection(ExtensibilityGlobals) = postSolution
		SolutionGuid = {7A5AE095-5F35-4932-9278-7D8A20CCCFC3}
	EndGlobalSection
EndGlobal
